{
    "_meta": {
        "hash": {
            "sha256": "aecf6373d4b5c1bd689900aef8658babdce30e243e2bc1879dd21bc07297c379"
        },
        "pipfile-spec": 6,
        "requires": {
            "python_version": "3.8"
        },
        "sources": [
            {
                "name": "pypi",
                "url": "https://pypi.org/simple",
                "verify_ssl": true
            }
        ]
    },
    "default": {
        "hjson": {
            "hashes": [
                "sha256:1d1727faa6aaef2973921877125a3ab7c5f6d34b93233179d01770f41fab51f9"
            ],
            "index": "pypi",
            "version": "==3.0.1"
        }
    },
    "develop": {}
}
